
Microsoft Visual Studio Solution File, Format Version 12.00
# Visual Studio Version 16
VisualStudioVersion = 16.0.32901.82
MinimumVisualStudioVersion = 10.0.40219.1
Project("{FAE04EC0-301F-11D3-BF4B-00C04F79EFBC}") = "eTickets", "eTickets\eTickets.csproj", "{A0CE1377-EE35-49DE-BD24-68D825E996F0}"
EndProject
Global
	GlobalSection(SolutionConfigurationPlatforms) = preSolution
		Debug|Any CPU = Debug|Any CPU
		Release|Any CPU = Release|Any CPU
	EndGlobalSection
	GlobalSection(ProjectConfigurationPlatforms) = postSolution
		{A0CE1377-EE35-49DE-BD24-68D825E996F0}.Debug|Any CPU.ActiveCfg = Debug|Any CPU
		{A0CE1377-EE35-49DE-BD24-68D825E996F0}.Debug|Any CPU.Build.0 = Debug|Any CPU
		{A0CE1377-EE35-49DE-BD24-68D825E996F0}.Release|Any CPU.ActiveCfg = Release|Any CPU
		{A0CE1377-EE35-49DE-BD24-68D825E996F0}.Release|Any CPU.Build.0 = Release|Any CPU
	EndGlobalSection
	GlobalSection(SolutionProperties) = preSolution
		HideSolutionNode = FALSE
	EndGlobalSection
	GlobalSection(ExtensibilityGlobals) = postSolution
		SolutionGuid = {6C0B6B1B-4EC4-43DD-A4A4-B169CD088676}
	EndGlobalSection
EndGlobal
